
Microsoft Visual Studio Solution File, Format Version 12.00
# Visual Studio Version 16
VisualStudioVersion = 16.0.30804.86
MinimumVisualStudioVersion = 10.0.40219.1
Project("{FAE04EC0-301F-11D3-BF4B-00C04F79EFBC}") = "Student", "Lab04\Student.csproj", "{7A1552CD-9832-487F-B490-B8D6F1CBC8CD}"
EndProject
Project("{FAE04EC0-301F-11D3-BF4B-00C04F79EFBC}") = "Ex1", "Ex1\Ex1.csproj", "{9D4A9708-B42C-49FA-8E14-F12AC7C1F014}"
EndProject
Global
	GlobalSection(SolutionConfigurationPlatforms) = preSolution
		Debug|Any CPU = Debug|Any CPU
		Release|Any CPU = Release|Any CPU
	EndGlobalSection
	GlobalSection(ProjectConfigurationPlatforms) = postSolution
		{7A1552CD-9832-487F-B490-B8D6F1CBC8CD}.Debug|Any CPU.ActiveCfg = Debug|Any CPU
		{7A1552CD-9832-487F-B490-B8D6F1CBC8CD}.Debug|Any CPU.Build.0 = Debug|Any CPU
		{7A1552CD-9832-487F-B490-B8D6F1CBC8CD}.Release|Any CPU.ActiveCfg = Release|Any CPU
		{7A1552CD-9832-487F-B490-B8D6F1CBC8CD}.Release|Any CPU.Build.0 = Release|Any CPU
		{9D4A9708-B42C-49FA-8E14-F12AC7C1F014}.Debug|Any CPU.ActiveCfg = Debug|Any CPU
		{9D4A9708-B42C-49FA-8E14-F12AC7C1F014}.Debug|Any CPU.Build.0 = Debug|Any CPU
		{9D4A9708-B42C-49FA-8E14-F12AC7C1F014}.Release|Any CPU.ActiveCfg = Release|Any CPU
		{9D4A9708-B42C-49FA-8E14-F12AC7C1F014}.Release|Any CPU.Build.0 = Release|Any CPU
	EndGlobalSection
	GlobalSection(SolutionProperties) = preSolution
		HideSolutionNode = FALSE
	EndGlobalSection
	GlobalSection(ExtensibilityGlobals) = postSolution
		SolutionGuid = {6EE05037-B0CB-449B-9A12-57B96854BFEF}
	EndGlobalSection
EndGlobal
