
Microsoft Visual Studio Solution File, Format Version 12.00
# Visual Studio Version 16
VisualStudioVersion = 16.0.30804.86
MinimumVisualStudioVersion = 10.0.40219.1
Project("{FAE04EC0-301F-11D3-BF4B-00C04F79EFBC}") = "TestTrenLop1", "Lab05\TestTrenLop1.csproj", "{5BB5DE3E-4744-4A61-B0E0-4A1F2A0BD50F}"
EndProject
Project("{FAE04EC0-301F-11D3-BF4B-00C04F79EFBC}") = "TestTrenLop2", "TestTrenLop2\TestTrenLop2.csproj", "{A1F35762-80F7-48A1-8BF6-C638B53B8EAC}"
EndProject
Project("{FAE04EC0-301F-11D3-BF4B-00C04F79EFBC}") = "TestTrenLop3", "TestTrenLop3\TestTrenLop3.csproj", "{03B1ABE9-0919-4842-B94D-9DDC30157A49}"
EndProject
Project("{FAE04EC0-301F-11D3-BF4B-00C04F79EFBC}") = "TestTrenLop4", "TestTrenLop4\TestTrenLop4.csproj", "{4261B75B-A280-4234-9750-1112821F5D9F}"
EndProject
Project("{FAE04EC0-301F-11D3-BF4B-00C04F79EFBC}") = "TestTrenLop5", "TestTrenLop5\TestTrenLop5.csproj", "{74A06E34-B6DD-4547-8234-9015EC765241}"
EndProject
Project("{FAE04EC0-301F-11D3-BF4B-00C04F79EFBC}") = "TestNewAndOverRide", "TestNewAndOverRide\TestNewAndOverRide.csproj", "{3F35A78E-CC5A-4EB8-B060-0417805F63E2}"
EndProject
Project("{FAE04EC0-301F-11D3-BF4B-00C04F79EFBC}") = "Ss7-Ex1", "Ss7-Ex1\Ss7-Ex1.csproj", "{FACEDC88-3914-445C-AEAE-C9A055319688}"
EndProject
Global
	GlobalSection(SolutionConfigurationPlatforms) = preSolution
		Debug|Any CPU = Debug|Any CPU
		Release|Any CPU = Release|Any CPU
	EndGlobalSection
	GlobalSection(ProjectConfigurationPlatforms) = postSolution
		{5BB5DE3E-4744-4A61-B0E0-4A1F2A0BD50F}.Debug|Any CPU.ActiveCfg = Debug|Any CPU
		{5BB5DE3E-4744-4A61-B0E0-4A1F2A0BD50F}.Debug|Any CPU.Build.0 = Debug|Any CPU
		{5BB5DE3E-4744-4A61-B0E0-4A1F2A0BD50F}.Release|Any CPU.ActiveCfg = Release|Any CPU
		{5BB5DE3E-4744-4A61-B0E0-4A1F2A0BD50F}.Release|Any CPU.Build.0 = Release|Any CPU
		{A1F35762-80F7-48A1-8BF6-C638B53B8EAC}.Debug|Any CPU.ActiveCfg = Debug|Any CPU
		{A1F35762-80F7-48A1-8BF6-C638B53B8EAC}.Debug|Any CPU.Build.0 = Debug|Any CPU
		{A1F35762-80F7-48A1-8BF6-C638B53B8EAC}.Release|Any CPU.ActiveCfg = Release|Any CPU
		{A1F35762-80F7-48A1-8BF6-C638B53B8EAC}.Release|Any CPU.Build.0 = Release|Any CPU
		{03B1ABE9-0919-4842-B94D-9DDC30157A49}.Debug|Any CPU.ActiveCfg = Debug|Any CPU
		{03B1ABE9-0919-4842-B94D-9DDC30157A49}.Debug|Any CPU.Build.0 = Debug|Any CPU
		{03B1ABE9-0919-4842-B94D-9DDC30157A49}.Release|Any CPU.ActiveCfg = Release|Any CPU
		{03B1ABE9-0919-4842-B94D-9DDC30157A49}.Release|Any CPU.Build.0 = Release|Any CPU
		{4261B75B-A280-4234-9750-1112821F5D9F}.Debug|Any CPU.ActiveCfg = Debug|Any CPU
		{4261B75B-A280-4234-9750-1112821F5D9F}.Debug|Any CPU.Build.0 = Debug|Any CPU
		{4261B75B-A280-4234-9750-1112821F5D9F}.Release|Any CPU.ActiveCfg = Release|Any CPU
		{4261B75B-A280-4234-9750-1112821F5D9F}.Release|Any CPU.Build.0 = Release|Any CPU
		{74A06E34-B6DD-4547-8234-9015EC765241}.Debug|Any CPU.ActiveCfg = Debug|Any CPU
		{74A06E34-B6DD-4547-8234-9015EC765241}.Debug|Any CPU.Build.0 = Debug|Any CPU
		{74A06E34-B6DD-4547-8234-9015EC765241}.Release|Any CPU.ActiveCfg = Release|Any CPU
		{74A06E34-B6DD-4547-8234-9015EC765241}.Release|Any CPU.Build.0 = Release|Any CPU
		{3F35A78E-CC5A-4EB8-B060-0417805F63E2}.Debug|Any CPU.ActiveCfg = Debug|Any CPU
		{3F35A78E-CC5A-4EB8-B060-0417805F63E2}.Debug|Any CPU.Build.0 = Debug|Any CPU
		{3F35A78E-CC5A-4EB8-B060-0417805F63E2}.Release|Any CPU.ActiveCfg = Release|Any CPU
		{3F35A78E-CC5A-4EB8-B060-0417805F63E2}.Release|Any CPU.Build.0 = Release|Any CPU
		{FACEDC88-3914-445C-AEAE-C9A055319688}.Debug|Any CPU.ActiveCfg = Debug|Any CPU
		{FACEDC88-3914-445C-AEAE-C9A055319688}.Debug|Any CPU.Build.0 = Debug|Any CPU
		{FACEDC88-3914-445C-AEAE-C9A055319688}.Release|Any CPU.ActiveCfg = Release|Any CPU
		{FACEDC88-3914-445C-AEAE-C9A055319688}.Release|Any CPU.Build.0 = Release|Any CPU
	EndGlobalSection
	GlobalSection(SolutionProperties) = preSolution
		HideSolutionNode = FALSE
	EndGlobalSection
	GlobalSection(ExtensibilityGlobals) = postSolution
		SolutionGuid = {DB3AE4BE-6D2F-40D7-AE97-DF90AFA61886}
	EndGlobalSection
EndGlobal
